
Microsoft Visual Studio Solution File, Format Version 12.00
# Visual Studio 15
VisualStudioVersion = 15.0.28307.572
MinimumVisualStudioVersion = 10.0.40219.1
Project("{9A19103F-16F7-4668-BE54-9A1E7A4F7556}") = "Blog2", "Blog2\Blog2.csproj", "{4ECCF596-5C93-4D6F-974B-8FB1E5A8A531}"
EndProject
Global
	GlobalSection(SolutionConfigurationPlatforms) = preSolution
		Debug|Any CPU = Debug|Any CPU
		Release|Any CPU = Release|Any CPU
	EndGlobalSection
	GlobalSection(ProjectConfigurationPlatforms) = postSolution
		{4ECCF596-5C93-4D6F-974B-8FB1E5A8A531}.Debug|Any CPU.ActiveCfg = Debug|Any CPU
		{4ECCF596-5C93-4D6F-974B-8FB1E5A8A531}.Debug|Any CPU.Build.0 = Debug|Any CPU
		{4ECCF596-5C93-4D6F-974B-8FB1E5A8A531}.Release|Any CPU.ActiveCfg = Release|Any CPU
		{4ECCF596-5C93-4D6F-974B-8FB1E5A8A531}.Release|Any CPU.Build.0 = Release|Any CPU
	EndGlobalSection
	GlobalSection(SolutionProperties) = preSolution
		HideSolutionNode = FALSE
	EndGlobalSection
	GlobalSection(ExtensibilityGlobals) = postSolution
		SolutionGuid = {0B7CC808-7B26-4A97-BF9F-8B83B05E6670}
	EndGlobalSection
EndGlobal
